// !$*UTF8*$!
{
	archiveVersion = 1;
	classes = {
	};
	objectVersion = 56;
	objects = {

/* Begin PBXBuildFile section */
		B52111922B122C7300D957BB /* Montserrat-SemiBold.ttf in Resources */ = {isa = PBXBuildFile; fileRef = B52111892B122C7200D957BB /* Montserrat-SemiBold.ttf */; };
		B52111932B122C7300D957BB /* Montserrat-Regular.ttf in Resources */ = {isa = PBXBuildFile; fileRef = B521118A2B122C7200D957BB /* Montserrat-Regular.ttf */; };
		B52111942B122C7300D957BB /* Montserrat-Light.ttf in Resources */ = {isa = PBXBuildFile; fileRef = B521118B2B122C7200D957BB /* Montserrat-Light.ttf */; };
		B52111952B122C7300D957BB /* Montserrat-ExtraBold.ttf in Resources */ = {isa = PBXBuildFile; fileRef = B521118C2B122C7200D957BB /* Montserrat-ExtraBold.ttf */; };
		B52111962B122C7300D957BB /* Montserrat-Medium.ttf in Resources */ = {isa = PBXBuildFile; fileRef = B521118D2B122C7200D957BB /* Montserrat-Medium.ttf */; };
		B52111972B122C7300D957BB /* Montserrat-Black.ttf in Resources */ = {isa = PBXBuildFile; fileRef = B521118E2B122C7200D957BB /* Montserrat-Black.ttf */; };
		B52111982B122C7300D957BB /* Montserrat-ExtraLight.ttf in Resources */ = {isa = PBXBuildFile; fileRef = B521118F2B122C7300D957BB /* Montserrat-ExtraLight.ttf */; };
		B52111992B122C7300D957BB /* Montserrat-Bold.ttf in Resources */ = {isa = PBXBuildFile; fileRef = B52111902B122C7300D957BB /* Montserrat-Bold.ttf */; };
		B521119A2B122C7300D957BB /* Montserrat-Thin.ttf in Resources */ = {isa = PBXBuildFile; fileRef = B52111912B122C7300D957BB /* Montserrat-Thin.ttf */; };
		B521119D2B12362300D957BB /* MeteoriteInfoModalView.swift in Sources */ = {isa = PBXBuildFile; fileRef = B521119C2B12362300D957BB /* MeteoriteInfoModalView.swift */; };
		B52111A02B12365B00D957BB /* MeteoriteInfoModalViewModel.swift in Sources */ = {isa = PBXBuildFile; fileRef = B521119F2B12365B00D957BB /* MeteoriteInfoModalViewModel.swift */; };
		B52416632B14E82400ED4866 /* Localization.swift in Sources */ = {isa = PBXBuildFile; fileRef = B52416622B14E82400ED4866 /* Localization.swift */; };
		B52416662B14E9BA00ED4866 /* Localizable.strings in Resources */ = {isa = PBXBuildFile; fileRef = B52416682B14E9BA00ED4866 /* Localizable.strings */; };
		B527BF422B10EDD300806578 /* MeteoritesNASAApp.swift in Sources */ = {isa = PBXBuildFile; fileRef = B527BF412B10EDD300806578 /* MeteoritesNASAApp.swift */; };
		B527BF442B10EDD300806578 /* MeteoritesListView.swift in Sources */ = {isa = PBXBuildFile; fileRef = B527BF432B10EDD300806578 /* MeteoritesListView.swift */; };
		B527BF462B10EDD400806578 /* Assets.xcassets in Resources */ = {isa = PBXBuildFile; fileRef = B527BF452B10EDD400806578 /* Assets.xcassets */; };
		B527BF492B10EDD400806578 /* Preview Assets.xcassets in Resources */ = {isa = PBXBuildFile; fileRef = B527BF482B10EDD400806578 /* Preview Assets.xcassets */; };
		B527BF502B11099400806578 /* MeteoritesListViewModel.swift in Sources */ = {isa = PBXBuildFile; fileRef = B527BF4F2B11099400806578 /* MeteoritesListViewModel.swift */; };
		B527BF552B110C7300806578 /* Meteorite.swift in Sources */ = {isa = PBXBuildFile; fileRef = B527BF542B110C7300806578 /* Meteorite.swift */; };
		B527BF592B110E4400806578 /* ProgressHUD in Frameworks */ = {isa = PBXBuildFile; productRef = B527BF582B110E4400806578 /* ProgressHUD */; };
		B527BF5B2B110ECB00806578 /* ProgressHUDHelper.swift in Sources */ = {isa = PBXBuildFile; fileRef = B527BF5A2B110ECB00806578 /* ProgressHUDHelper.swift */; };
		B527BF5D2B110F5800806578 /* NetworkManager.swift in Sources */ = {isa = PBXBuildFile; fileRef = B527BF5C2B110F5800806578 /* NetworkManager.swift */; };
		B527BF612B110FD100806578 /* NetworkError.swift in Sources */ = {isa = PBXBuildFile; fileRef = B527BF602B110FD100806578 /* NetworkError.swift */; };
		B527BF632B11141C00806578 /* Constraints.swift in Sources */ = {isa = PBXBuildFile; fileRef = B527BF622B11141C00806578 /* Constraints.swift */; };
		B527BF652B11169600806578 /* Geolocation.swift in Sources */ = {isa = PBXBuildFile; fileRef = B527BF642B11169600806578 /* Geolocation.swift */; };
		B527BF672B111CB700806578 /* MeteoriteRowView.swift in Sources */ = {isa = PBXBuildFile; fileRef = B527BF662B111CB700806578 /* MeteoriteRowView.swift */; };
		B527BF692B1121A000806578 /* Fonts.swift in Sources */ = {isa = PBXBuildFile; fileRef = B527BF682B1121A000806578 /* Fonts.swift */; };
		B527BF6B2B11238600806578 /* Colors.swift in Sources */ = {isa = PBXBuildFile; fileRef = B527BF6A2B11238600806578 /* Colors.swift */; };
		B527BF702B112C2D00806578 /* String+Ext.swift in Sources */ = {isa = PBXBuildFile; fileRef = B527BF6F2B112C2D00806578 /* String+Ext.swift */; };
		B527BF742B11DA7100806578 /* MeteoriteDetailView.swift in Sources */ = {isa = PBXBuildFile; fileRef = B527BF732B11DA7100806578 /* MeteoriteDetailView.swift */; };
		B527BF762B11DA7B00806578 /* MeteoriteDetailViewModel.swift in Sources */ = {isa = PBXBuildFile; fileRef = B527BF752B11DA7B00806578 /* MeteoriteDetailViewModel.swift */; };
		B527BF7B2B11E4AB00806578 /* NavigationManager.swift in Sources */ = {isa = PBXBuildFile; fileRef = B527BF7A2B11E4AB00806578 /* NavigationManager.swift */; };
		B527BF7D2B11EC3E00806578 /* MapView.swift in Sources */ = {isa = PBXBuildFile; fileRef = B527BF7C2B11EC3E00806578 /* MapView.swift */; };
		B527BF7F2B11EC6800806578 /* MapViewModel.swift in Sources */ = {isa = PBXBuildFile; fileRef = B527BF7E2B11EC6800806578 /* MapViewModel.swift */; };
		B544EFA32B18713E004DAC86 /* MockNetworkManager.swift in Sources */ = {isa = PBXBuildFile; fileRef = B544EFA22B18713E004DAC86 /* MockNetworkManager.swift */; };
		B544EFA52B187B88004DAC86 /* Icons.swift in Sources */ = {isa = PBXBuildFile; fileRef = B544EFA42B187B88004DAC86 /* Icons.swift */; };
		B544EFA72B187F8A004DAC86 /* ButtonIconType.swift in Sources */ = {isa = PBXBuildFile; fileRef = B544EFA62B187F89004DAC86 /* ButtonIconType.swift */; };
		B544EFAB2B18986D004DAC86 /* MockLocationManager.swift in Sources */ = {isa = PBXBuildFile; fileRef = B544EFAA2B18986D004DAC86 /* MockLocationManager.swift */; };
		B59A16992B13365B005BA2FF /* LocationManager.swift in Sources */ = {isa = PBXBuildFile; fileRef = B59A16982B13365B005BA2FF /* LocationManager.swift */; };
		B59A169C2B137BCE005BA2FF /* NearestMeteoritesDetailViewModel.swift in Sources */ = {isa = PBXBuildFile; fileRef = B59A169B2B137BCD005BA2FF /* NearestMeteoritesDetailViewModel.swift */; };
		B59A169E2B137C05005BA2FF /* NearestMeteoritesDetailView.swift in Sources */ = {isa = PBXBuildFile; fileRef = B59A169D2B137C05005BA2FF /* NearestMeteoritesDetailView.swift */; };
		B59A16A62B139C2E005BA2FF /* PrimaryButton.swift in Sources */ = {isa = PBXBuildFile; fileRef = B59A16A52B139C2E005BA2FF /* PrimaryButton.swift */; };
		B5E3E09D2B1605680057CB04 /* FormattedMassTests.swift in Sources */ = {isa = PBXBuildFile; fileRef = B5E3E09C2B1605680057CB04 /* FormattedMassTests.swift */; };
		B5E3E0A12B160E270057CB04 /* DateFormatExtensionTests.swift in Sources */ = {isa = PBXBuildFile; fileRef = B5E3E0A02B160E270057CB04 /* DateFormatExtensionTests.swift */; };
		B5E3E0A32B1618880057CB04 /* MeteoriteListTests.swift in Sources */ = {isa = PBXBuildFile; fileRef = B5E3E0A22B1618880057CB04 /* MeteoriteListTests.swift */; };
		B5E3E0A52B161A0F0057CB04 /* GlobalConstants.swift in Sources */ = {isa = PBXBuildFile; fileRef = B5E3E0A42B161A0F0057CB04 /* GlobalConstants.swift */; };
		B5E3E0B82B1628BF0057CB04 /* LaunchScreen.storyboard in Resources */ = {isa = PBXBuildFile; fileRef = B5E3E0B72B1628BF0057CB04 /* LaunchScreen.storyboard */; };
/* End PBXBuildFile section */

/* Begin PBXContainerItemProxy section */
		B5E3E0972B1601290057CB04 /* PBXContainerItemProxy */ = {
			isa = PBXContainerItemProxy;
			containerPortal = B527BF362B10EDD300806578 /* Project object */;
			proxyType = 1;
			remoteGlobalIDString = B527BF3D2B10EDD300806578;
			remoteInfo = MeteoritesNASA;
		};
/* End PBXContainerItemProxy section */

/* Begin PBXFileReference section */
		B52111892B122C7200D957BB /* Montserrat-SemiBold.ttf */ = {isa = PBXFileReference; lastKnownFileType = file; path = "Montserrat-SemiBold.ttf"; sourceTree = "<group>"; };
		B521118A2B122C7200D957BB /* Montserrat-Regular.ttf */ = {isa = PBXFileReference; lastKnownFileType = file; path = "Montserrat-Regular.ttf"; sourceTree = "<group>"; };
		B521118B2B122C7200D957BB /* Montserrat-Light.ttf */ = {isa = PBXFileReference; lastKnownFileType = file; path = "Montserrat-Light.ttf"; sourceTree = "<group>"; };
		B521118C2B122C7200D957BB /* Montserrat-ExtraBold.ttf */ = {isa = PBXFileReference; lastKnownFileType = file; path = "Montserrat-ExtraBold.ttf"; sourceTree = "<group>"; };
		B521118D2B122C7200D957BB /* Montserrat-Medium.ttf */ = {isa = PBXFileReference; lastKnownFileType = file; path = "Montserrat-Medium.ttf"; sourceTree = "<group>"; };
		B521118E2B122C7200D957BB /* Montserrat-Black.ttf */ = {isa = PBXFileReference; lastKnownFileType = file; path = "Montserrat-Black.ttf"; sourceTree = "<group>"; };
		B521118F2B122C7300D957BB /* Montserrat-ExtraLight.ttf */ = {isa = PBXFileReference; lastKnownFileType = file; path = "Montserrat-ExtraLight.ttf"; sourceTree = "<group>"; };
		B52111902B122C7300D957BB /* Montserrat-Bold.ttf */ = {isa = PBXFileReference; lastKnownFileType = file; path = "Montserrat-Bold.ttf"; sourceTree = "<group>"; };
		B52111912B122C7300D957BB /* Montserrat-Thin.ttf */ = {isa = PBXFileReference; lastKnownFileType = file; path = "Montserrat-Thin.ttf"; sourceTree = "<group>"; };
		B521119B2B122CC500D957BB /* Info.plist */ = {isa = PBXFileReference; lastKnownFileType = text.plist; path = Info.plist; sourceTree = "<group>"; };
		B521119C2B12362300D957BB /* MeteoriteInfoModalView.swift */ = {isa = PBXFileReference; lastKnownFileType = sourcecode.swift; path = MeteoriteInfoModalView.swift; sourceTree = "<group>"; };
		B521119F2B12365B00D957BB /* MeteoriteInfoModalViewModel.swift */ = {isa = PBXFileReference; lastKnownFileType = sourcecode.swift; path = MeteoriteInfoModalViewModel.swift; sourceTree = "<group>"; };
		B52416622B14E82400ED4866 /* Localization.swift */ = {isa = PBXFileReference; lastKnownFileType = sourcecode.swift; path = Localization.swift; sourceTree = "<group>"; };
		B52416672B14E9BA00ED4866 /* cs */ = {isa = PBXFileReference; lastKnownFileType = text.plist.strings; name = cs; path = cs.lproj/Localizable.strings; sourceTree = "<group>"; };
		B52416692B14E9BB00ED4866 /* en */ = {isa = PBXFileReference; lastKnownFileType = text.plist.strings; name = en; path = en.lproj/Localizable.strings; sourceTree = "<group>"; };
		B527BF3E2B10EDD300806578 /* MeteoritesNASA.app */ = {isa = PBXFileReference; explicitFileType = wrapper.application; includeInIndex = 0; path = MeteoritesNASA.app; sourceTree = BUILT_PRODUCTS_DIR; };
		B527BF412B10EDD300806578 /* MeteoritesNASAApp.swift */ = {isa = PBXFileReference; lastKnownFileType = sourcecode.swift; path = MeteoritesNASAApp.swift; sourceTree = "<group>"; };
		B527BF432B10EDD300806578 /* MeteoritesListView.swift */ = {isa = PBXFileReference; lastKnownFileType = sourcecode.swift; path = MeteoritesListView.swift; sourceTree = "<group>"; };
		B527BF452B10EDD400806578 /* Assets.xcassets */ = {isa = PBXFileReference; lastKnownFileType = folder.assetcatalog; path = Assets.xcassets; sourceTree = "<group>"; };
		B527BF482B10EDD400806578 /* Preview Assets.xcassets */ = {isa = PBXFileReference; lastKnownFileType = folder.assetcatalog; path = "Preview Assets.xcassets"; sourceTree = "<group>"; };
		B527BF4F2B11099400806578 /* MeteoritesListViewModel.swift */ = {isa = PBXFileReference; lastKnownFileType = sourcecode.swift; path = MeteoritesListViewModel.swift; sourceTree = "<group>"; };
		B527BF542B110C7300806578 /* Meteorite.swift */ = {isa = PBXFileReference; lastKnownFileType = sourcecode.swift; path = Meteorite.swift; sourceTree = "<group>"; };
		B527BF5A2B110ECB00806578 /* ProgressHUDHelper.swift */ = {isa = PBXFileReference; lastKnownFileType = sourcecode.swift; path = ProgressHUDHelper.swift; sourceTree = "<group>"; };
		B527BF5C2B110F5800806578 /* NetworkManager.swift */ = {isa = PBXFileReference; lastKnownFileType = sourcecode.swift; path = NetworkManager.swift; sourceTree = "<group>"; };
		B527BF602B110FD100806578 /* NetworkError.swift */ = {isa = PBXFileReference; lastKnownFileType = sourcecode.swift; path = NetworkError.swift; sourceTree = "<group>"; };
		B527BF622B11141C00806578 /* Constraints.swift */ = {isa = PBXFileReference; lastKnownFileType = sourcecode.swift; path = Constraints.swift; sourceTree = "<group>"; };
		B527BF642B11169600806578 /* Geolocation.swift */ = {isa = PBXFileReference; lastKnownFileType = sourcecode.swift; path = Geolocation.swift; sourceTree = "<group>"; };
		B527BF662B111CB700806578 /* MeteoriteRowView.swift */ = {isa = PBXFileReference; lastKnownFileType = sourcecode.swift; path = MeteoriteRowView.swift; sourceTree = "<group>"; };
		B527BF682B1121A000806578 /* Fonts.swift */ = {isa = PBXFileReference; lastKnownFileType = sourcecode.swift; path = Fonts.swift; sourceTree = "<group>"; };
		B527BF6A2B11238600806578 /* Colors.swift */ = {isa = PBXFileReference; lastKnownFileType = sourcecode.swift; path = Colors.swift; sourceTree = "<group>"; };
		B527BF6F2B112C2D00806578 /* String+Ext.swift */ = {isa = PBXFileReference; lastKnownFileType = sourcecode.swift; path = "String+Ext.swift"; sourceTree = "<group>"; };
		B527BF732B11DA7100806578 /* MeteoriteDetailView.swift */ = {isa = PBXFileReference; lastKnownFileType = sourcecode.swift; path = MeteoriteDetailView.swift; sourceTree = "<group>"; };
		B527BF752B11DA7B00806578 /* MeteoriteDetailViewModel.swift */ = {isa = PBXFileReference; lastKnownFileType = sourcecode.swift; path = MeteoriteDetailViewModel.swift; sourceTree = "<group>"; };
		B527BF7A2B11E4AB00806578 /* NavigationManager.swift */ = {isa = PBXFileReference; lastKnownFileType = sourcecode.swift; path = NavigationManager.swift; sourceTree = "<group>"; };
		B527BF7C2B11EC3E00806578 /* MapView.swift */ = {isa = PBXFileReference; lastKnownFileType = sourcecode.swift; path = MapView.swift; sourceTree = "<group>"; };
		B527BF7E2B11EC6800806578 /* MapViewModel.swift */ = {isa = PBXFileReference; lastKnownFileType = sourcecode.swift; path = MapViewModel.swift; sourceTree = "<group>"; };
		B544EFA02B186DC9004DAC86 /* MeteoritesNASA.xctestplan */ = {isa = PBXFileReference; lastKnownFileType = text; path = MeteoritesNASA.xctestplan; sourceTree = "<group>"; };
		B544EFA22B18713E004DAC86 /* MockNetworkManager.swift */ = {isa = PBXFileReference; lastKnownFileType = sourcecode.swift; path = MockNetworkManager.swift; sourceTree = "<group>"; };
		B544EFA42B187B88004DAC86 /* Icons.swift */ = {isa = PBXFileReference; lastKnownFileType = sourcecode.swift; path = Icons.swift; sourceTree = "<group>"; };
		B544EFA62B187F89004DAC86 /* ButtonIconType.swift */ = {isa = PBXFileReference; fileEncoding = 4; lastKnownFileType = sourcecode.swift; path = ButtonIconType.swift; sourceTree = "<group>"; };
		B544EFAA2B18986D004DAC86 /* MockLocationManager.swift */ = {isa = PBXFileReference; lastKnownFileType = sourcecode.swift; path = MockLocationManager.swift; sourceTree = "<group>"; };
		B59A16982B13365B005BA2FF /* LocationManager.swift */ = {isa = PBXFileReference; lastKnownFileType = sourcecode.swift; path = LocationManager.swift; sourceTree = "<group>"; };
		B59A169B2B137BCD005BA2FF /* NearestMeteoritesDetailViewModel.swift */ = {isa = PBXFileReference; lastKnownFileType = sourcecode.swift; path = NearestMeteoritesDetailViewModel.swift; sourceTree = "<group>"; };
		B59A169D2B137C05005BA2FF /* NearestMeteoritesDetailView.swift */ = {isa = PBXFileReference; lastKnownFileType = sourcecode.swift; path = NearestMeteoritesDetailView.swift; sourceTree = "<group>"; };
		B59A16A52B139C2E005BA2FF /* PrimaryButton.swift */ = {isa = PBXFileReference; lastKnownFileType = sourcecode.swift; path = PrimaryButton.swift; sourceTree = "<group>"; };
		B5E3E0932B1601290057CB04 /* MeteoritesNASATests.xctest */ = {isa = PBXFileReference; explicitFileType = wrapper.cfbundle; includeInIndex = 0; path = MeteoritesNASATests.xctest; sourceTree = BUILT_PRODUCTS_DIR; };
		B5E3E09C2B1605680057CB04 /* FormattedMassTests.swift */ = {isa = PBXFileReference; lastKnownFileType = sourcecode.swift; path = FormattedMassTests.swift; sourceTree = "<group>"; };
		B5E3E0A02B160E270057CB04 /* DateFormatExtensionTests.swift */ = {isa = PBXFileReference; lastKnownFileType = sourcecode.swift; path = DateFormatExtensionTests.swift; sourceTree = "<group>"; };
		B5E3E0A22B1618880057CB04 /* MeteoriteListTests.swift */ = {isa = PBXFileReference; lastKnownFileType = sourcecode.swift; path = MeteoriteListTests.swift; sourceTree = "<group>"; };
		B5E3E0A42B161A0F0057CB04 /* GlobalConstants.swift */ = {isa = PBXFileReference; lastKnownFileType = sourcecode.swift; path = GlobalConstants.swift; sourceTree = "<group>"; };
		B5E3E0B72B1628BF0057CB04 /* LaunchScreen.storyboard */ = {isa = PBXFileReference; lastKnownFileType = file.storyboard; path = LaunchScreen.storyboard; sourceTree = "<group>"; };
/* End PBXFileReference section */

/* Begin PBXFrameworksBuildPhase section */
		B527BF3B2B10EDD300806578 /* Frameworks */ = {
			isa = PBXFrameworksBuildPhase;
			buildActionMask = 2147483647;
			files = (
				B527BF592B110E4400806578 /* ProgressHUD in Frameworks */,
			);
			runOnlyForDeploymentPostprocessing = 0;
		};
		B5E3E0902B1601290057CB04 /* Frameworks */ = {
			isa = PBXFrameworksBuildPhase;
			buildActionMask = 2147483647;
			files = (
			);
			runOnlyForDeploymentPostprocessing = 0;
		};
/* End PBXFrameworksBuildPhase section */

/* Begin PBXGroup section */
		B52111882B122C4A00D957BB /* Fonts */ = {
			isa = PBXGroup;
			children = (
				B521118E2B122C7200D957BB /* Montserrat-Black.ttf */,
				B52111902B122C7300D957BB /* Montserrat-Bold.ttf */,
				B521118C2B122C7200D957BB /* Montserrat-ExtraBold.ttf */,
				B521118F2B122C7300D957BB /* Montserrat-ExtraLight.ttf */,
				B521118B2B122C7200D957BB /* Montserrat-Light.ttf */,
				B521118D2B122C7200D957BB /* Montserrat-Medium.ttf */,
				B521118A2B122C7200D957BB /* Montserrat-Regular.ttf */,
				B52111892B122C7200D957BB /* Montserrat-SemiBold.ttf */,
				B52111912B122C7300D957BB /* Montserrat-Thin.ttf */,
			);
			path = Fonts;
			sourceTree = "<group>";
		};
		B521119E2B12363600D957BB /* MeteoriteInfoModal */ = {
			isa = PBXGroup;
			children = (
				B521119C2B12362300D957BB /* MeteoriteInfoModalView.swift */,
				B521119F2B12365B00D957BB /* MeteoriteInfoModalViewModel.swift */,
			);
			path = MeteoriteInfoModal;
			sourceTree = "<group>";
		};
		B52111A12B12369300D957BB /* MapView */ = {
			isa = PBXGroup;
			children = (
				B527BF7C2B11EC3E00806578 /* MapView.swift */,
				B527BF7E2B11EC6800806578 /* MapViewModel.swift */,
			);
			path = MapView;
			sourceTree = "<group>";
		};
		B52416612B14E75C00ED4866 /* Localization */ = {
			isa = PBXGroup;
			children = (
				B52416622B14E82400ED4866 /* Localization.swift */,
				B52416682B14E9BA00ED4866 /* Localizable.strings */,
			);
			path = Localization;
			sourceTree = "<group>";
		};
		B527BF352B10EDD300806578 = {
			isa = PBXGroup;
			children = (
				B544EFA02B186DC9004DAC86 /* MeteoritesNASA.xctestplan */,
				B527BF402B10EDD300806578 /* MeteoritesNASA */,
				B5E3E0942B1601290057CB04 /* MeteoritesNASATests */,
				B527BF3F2B10EDD300806578 /* Products */,
			);
			sourceTree = "<group>";
		};
		B527BF3F2B10EDD300806578 /* Products */ = {
			isa = PBXGroup;
			children = (
				B527BF3E2B10EDD300806578 /* MeteoritesNASA.app */,
				B5E3E0932B1601290057CB04 /* MeteoritesNASATests.xctest */,
			);
			name = Products;
			sourceTree = "<group>";
		};
		B527BF402B10EDD300806578 /* MeteoritesNASA */ = {
			isa = PBXGroup;
			children = (
				B527BF412B10EDD300806578 /* MeteoritesNASAApp.swift */,
				B544EFA12B187124004DAC86 /* Mocks */,
				B527BF6E2B112AE800806578 /* Extensions */,
				B527BF792B11E49800806578 /* Utilities */,
				B527BF532B110BEF00806578 /* Helpers */,
				B527BF522B110BD800806578 /* Errors */,
				B527BF562B110C8300806578 /* Models */,
				B527BF512B110BC200806578 /* Networking */,
				B544EFA92B188BFC004DAC86 /* UI */,
				B59A16A42B139C1E005BA2FF /* Components */,
				B544EFA82B188B35004DAC86 /* Resources */,
				B521119B2B122CC500D957BB /* Info.plist */,
				B527BF472B10EDD400806578 /* Preview Content */,
				B5E3E0B72B1628BF0057CB04 /* LaunchScreen.storyboard */,
			);
			path = MeteoritesNASA;
			sourceTree = "<group>";
		};
		B527BF472B10EDD400806578 /* Preview Content */ = {
			isa = PBXGroup;
			children = (
				B527BF482B10EDD400806578 /* Preview Assets.xcassets */,
			);
			path = "Preview Content";
			sourceTree = "<group>";
		};
		B527BF512B110BC200806578 /* Networking */ = {
			isa = PBXGroup;
			children = (
				B527BF5C2B110F5800806578 /* NetworkManager.swift */,
			);
			path = Networking;
			sourceTree = "<group>";
		};
		B527BF522B110BD800806578 /* Errors */ = {
			isa = PBXGroup;
			children = (
				B527BF602B110FD100806578 /* NetworkError.swift */,
			);
			path = Errors;
			sourceTree = "<group>";
		};
		B527BF532B110BEF00806578 /* Helpers */ = {
			isa = PBXGroup;
			children = (
				B52416612B14E75C00ED4866 /* Localization */,
				B527BF5A2B110ECB00806578 /* ProgressHUDHelper.swift */,
				B527BF622B11141C00806578 /* Constraints.swift */,
				B5E3E0A42B161A0F0057CB04 /* GlobalConstants.swift */,
				B544EFA62B187F89004DAC86 /* ButtonIconType.swift */,
			);
			path = Helpers;
			sourceTree = "<group>";
		};
		B527BF562B110C8300806578 /* Models */ = {
			isa = PBXGroup;
			children = (
				B527BF542B110C7300806578 /* Meteorite.swift */,
				B527BF642B11169600806578 /* Geolocation.swift */,
			);
			path = Models;
			sourceTree = "<group>";
		};
		B527BF6E2B112AE800806578 /* Extensions */ = {
			isa = PBXGroup;
			children = (
				B527BF6F2B112C2D00806578 /* String+Ext.swift */,
			);
			path = Extensions;
			sourceTree = "<group>";
		};
		B527BF712B11D90000806578 /* MeteoriteList */ = {
			isa = PBXGroup;
			children = (
				B527BF432B10EDD300806578 /* MeteoritesListView.swift */,
				B527BF4F2B11099400806578 /* MeteoritesListViewModel.swift */,
				B527BF662B111CB700806578 /* MeteoriteRowView.swift */,
			);
			path = MeteoriteList;
			sourceTree = "<group>";
		};
		B527BF722B11D91200806578 /* MeteoriteDetail */ = {
			isa = PBXGroup;
			children = (
				B527BF732B11DA7100806578 /* MeteoriteDetailView.swift */,
				B527BF752B11DA7B00806578 /* MeteoriteDetailViewModel.swift */,
			);
			path = MeteoriteDetail;
			sourceTree = "<group>";
		};
		B527BF792B11E49800806578 /* Utilities */ = {
			isa = PBXGroup;
			children = (
				B527BF7A2B11E4AB00806578 /* NavigationManager.swift */,
				B59A16982B13365B005BA2FF /* LocationManager.swift */,
			);
			path = Utilities;
			sourceTree = "<group>";
		};
		B544EFA12B187124004DAC86 /* Mocks */ = {
			isa = PBXGroup;
			children = (
				B544EFA22B18713E004DAC86 /* MockNetworkManager.swift */,
				B544EFAA2B18986D004DAC86 /* MockLocationManager.swift */,
			);
			path = Mocks;
			sourceTree = "<group>";
		};
		B544EFA82B188B35004DAC86 /* Resources */ = {
			isa = PBXGroup;
			children = (
				B527BF6A2B11238600806578 /* Colors.swift */,
				B544EFA42B187B88004DAC86 /* Icons.swift */,
				B527BF682B1121A000806578 /* Fonts.swift */,
				B52111882B122C4A00D957BB /* Fonts */,
				B527BF452B10EDD400806578 /* Assets.xcassets */,
			);
			path = Resources;
			sourceTree = "<group>";
		};
		B544EFA92B188BFC004DAC86 /* UI */ = {
			isa = PBXGroup;
			children = (
				B527BF712B11D90000806578 /* MeteoriteList */,
				B527BF722B11D91200806578 /* MeteoriteDetail */,
				B59A169A2B137B84005BA2FF /* NearestMeteoritesDetail */,
				B52111A12B12369300D957BB /* MapView */,
				B521119E2B12363600D957BB /* MeteoriteInfoModal */,
			);
			path = UI;
			sourceTree = "<group>";
		};
		B59A169A2B137B84005BA2FF /* NearestMeteoritesDetail */ = {
			isa = PBXGroup;
			children = (
				B59A169D2B137C05005BA2FF /* NearestMeteoritesDetailView.swift */,
				B59A169B2B137BCD005BA2FF /* NearestMeteoritesDetailViewModel.swift */,
			);
			path = NearestMeteoritesDetail;
			sourceTree = "<group>";
		};
		B59A16A42B139C1E005BA2FF /* Components */ = {
			isa = PBXGroup;
			children = (
				B59A16A52B139C2E005BA2FF /* PrimaryButton.swift */,
			);
			path = Components;
			sourceTree = "<group>";
		};
		B5E3E0942B1601290057CB04 /* MeteoritesNASATests */ = {
			isa = PBXGroup;
			children = (
				B5E3E0A22B1618880057CB04 /* MeteoriteListTests.swift */,
				B5E3E0A02B160E270057CB04 /* DateFormatExtensionTests.swift */,
				B5E3E09C2B1605680057CB04 /* FormattedMassTests.swift */,
			);
			path = MeteoritesNASATests;
			sourceTree = "<group>";
		};
/* End PBXGroup section */

/* Begin PBXNativeTarget section */
		B527BF3D2B10EDD300806578 /* MeteoritesNASA */ = {
			isa = PBXNativeTarget;
			buildConfigurationList = B527BF4C2B10EDD400806578 /* Build configuration list for PBXNativeTarget "MeteoritesNASA" */;
			buildPhases = (
				B527BF3A2B10EDD300806578 /* Sources */,
				B527BF3B2B10EDD300806578 /* Frameworks */,
				B527BF3C2B10EDD300806578 /* Resources */,
			);
			buildRules = (
			);
			dependencies = (
			);
			name = MeteoritesNASA;
			packageProductDependencies = (
				B527BF582B110E4400806578 /* ProgressHUD */,
			);
			productName = MeteoritesNASA;
			productReference = B527BF3E2B10EDD300806578 /* MeteoritesNASA.app */;
			productType = "com.apple.product-type.application";
		};
		B5E3E0922B1601290057CB04 /* MeteoritesNASATests */ = {
			isa = PBXNativeTarget;
			buildConfigurationList = B5E3E0992B1601290057CB04 /* Build configuration list for PBXNativeTarget "MeteoritesNASATests" */;
			buildPhases = (
				B5E3E08F2B1601290057CB04 /* Sources */,
				B5E3E0902B1601290057CB04 /* Frameworks */,
				B5E3E0912B1601290057CB04 /* Resources */,
			);
			buildRules = (
			);
			dependencies = (
				B5E3E0982B1601290057CB04 /* PBXTargetDependency */,
			);
			name = MeteoritesNASATests;
			productName = MeteoritesNASATests;
			productReference = B5E3E0932B1601290057CB04 /* MeteoritesNASATests.xctest */;
			productType = "com.apple.product-type.bundle.unit-test";
		};
/* End PBXNativeTarget section */

/* Begin PBXProject section */
		B527BF362B10EDD300806578 /* Project object */ = {
			isa = PBXProject;
			attributes = {
				BuildIndependentTargetsInParallel = 1;
				LastSwiftUpdateCheck = 1500;
				LastUpgradeCheck = 1500;
				TargetAttributes = {
					B527BF3D2B10EDD300806578 = {
						CreatedOnToolsVersion = 15.0.1;
					};
					B5E3E0922B1601290057CB04 = {
						CreatedOnToolsVersion = 15.0.1;
						TestTargetID = B527BF3D2B10EDD300806578;
					};
				};
			};
			buildConfigurationList = B527BF392B10EDD300806578 /* Build configuration list for PBXProject "MeteoritesNASA" */;
			compatibilityVersion = "Xcode 14.0";
			developmentRegion = cs;
			hasScannedForEncodings = 0;
			knownRegions = (
				en,
				Base,
				cs,
			);
			mainGroup = B527BF352B10EDD300806578;
			packageReferences = (
				B527BF572B110E4400806578 /* XCRemoteSwiftPackageReference "ProgressHUD" */,
			);
			productRefGroup = B527BF3F2B10EDD300806578 /* Products */;
			projectDirPath = "";
			projectRoot = "";
			targets = (
				B527BF3D2B10EDD300806578 /* MeteoritesNASA */,
				B5E3E0922B1601290057CB04 /* MeteoritesNASATests */,
			);
		};
/* End PBXProject section */

/* Begin PBXResourcesBuildPhase section */
		B527BF3C2B10EDD300806578 /* Resources */ = {
			isa = PBXResourcesBuildPhase;
			buildActionMask = 2147483647;
			files = (
				B52111992B122C7300D957BB /* Montserrat-Bold.ttf in Resources */,
				B52416662B14E9BA00ED4866 /* Localizable.strings in Resources */,
				B52111942B122C7300D957BB /* Montserrat-Light.ttf in Resources */,
				B52111972B122C7300D957BB /* Montserrat-Black.ttf in Resources */,
				B52111952B122C7300D957BB /* Montserrat-ExtraBold.ttf in Resources */,
				B52111932B122C7300D957BB /* Montserrat-Regular.ttf in Resources */,
				B52111982B122C7300D957BB /* Montserrat-ExtraLight.ttf in Resources */,
				B5E3E0B82B1628BF0057CB04 /* LaunchScreen.storyboard in Resources */,
				B52111962B122C7300D957BB /* Montserrat-Medium.ttf in Resources */,
				B521119A2B122C7300D957BB /* Montserrat-Thin.ttf in Resources */,
				B52111922B122C7300D957BB /* Montserrat-SemiBold.ttf in Resources */,
				B527BF492B10EDD400806578 /* Preview Assets.xcassets in Resources */,
				B527BF462B10EDD400806578 /* Assets.xcassets in Resources */,
			);
			runOnlyForDeploymentPostprocessing = 0;
		};
		B5E3E0912B1601290057CB04 /* Resources */ = {
			isa = PBXResourcesBuildPhase;
			buildActionMask = 2147483647;
			files = (
			);
			runOnlyForDeploymentPostprocessing = 0;
		};
/* End PBXResourcesBuildPhase section */

/* Begin PBXSourcesBuildPhase section */
		B527BF3A2B10EDD300806578 /* Sources */ = {
			isa = PBXSourcesBuildPhase;
			buildActionMask = 2147483647;
			files = (
				B527BF762B11DA7B00806578 /* MeteoriteDetailViewModel.swift in Sources */,
				B5E3E0A52B161A0F0057CB04 /* GlobalConstants.swift in Sources */,
				B527BF5D2B110F5800806578 /* NetworkManager.swift in Sources */,
				B527BF6B2B11238600806578 /* Colors.swift in Sources */,
				B527BF612B110FD100806578 /* NetworkError.swift in Sources */,
				B544EFA72B187F8A004DAC86 /* ButtonIconType.swift in Sources */,
				B527BF702B112C2D00806578 /* String+Ext.swift in Sources */,
				B527BF552B110C7300806578 /* Meteorite.swift in Sources */,
				B52416632B14E82400ED4866 /* Localization.swift in Sources */,
				B59A16A62B139C2E005BA2FF /* PrimaryButton.swift in Sources */,
				B527BF442B10EDD300806578 /* MeteoritesListView.swift in Sources */,
				B544EFA52B187B88004DAC86 /* Icons.swift in Sources */,
				B527BF632B11141C00806578 /* Constraints.swift in Sources */,
				B527BF422B10EDD300806578 /* MeteoritesNASAApp.swift in Sources */,
				B52111A02B12365B00D957BB /* MeteoriteInfoModalViewModel.swift in Sources */,
				B527BF7D2B11EC3E00806578 /* MapView.swift in Sources */,
				B521119D2B12362300D957BB /* MeteoriteInfoModalView.swift in Sources */,
				B527BF742B11DA7100806578 /* MeteoriteDetailView.swift in Sources */,
				B527BF7B2B11E4AB00806578 /* NavigationManager.swift in Sources */,
				B527BF502B11099400806578 /* MeteoritesListViewModel.swift in Sources */,
				B544EFAB2B18986D004DAC86 /* MockLocationManager.swift in Sources */,
				B59A169C2B137BCE005BA2FF /* NearestMeteoritesDetailViewModel.swift in Sources */,
				B527BF652B11169600806578 /* Geolocation.swift in Sources */,
				B527BF692B1121A000806578 /* Fonts.swift in Sources */,
				B544EFA32B18713E004DAC86 /* MockNetworkManager.swift in Sources */,
				B59A169E2B137C05005BA2FF /* NearestMeteoritesDetailView.swift in Sources */,
				B59A16992B13365B005BA2FF /* LocationManager.swift in Sources */,
				B527BF672B111CB700806578 /* MeteoriteRowView.swift in Sources */,
				B527BF5B2B110ECB00806578 /* ProgressHUDHelper.swift in Sources */,
				B527BF7F2B11EC6800806578 /* MapViewModel.swift in Sources */,
			);
			runOnlyForDeploymentPostprocessing = 0;
		};
		B5E3E08F2B1601290057CB04 /* Sources */ = {
			isa = PBXSourcesBuildPhase;
			buildActionMask = 2147483647;
			files = (
				B5E3E0A32B1618880057CB04 /* MeteoriteListTests.swift in Sources */,
				B5E3E0A12B160E270057CB04 /* DateFormatExtensionTests.swift in Sources */,
				B5E3E09D2B1605680057CB04 /* FormattedMassTests.swift in Sources */,
			);
			runOnlyForDeploymentPostprocessing = 0;
		};
/* End PBXSourcesBuildPhase section */

/* Begin PBXTargetDependency section */
		B5E3E0982B1601290057CB04 /* PBXTargetDependency */ = {
			isa = PBXTargetDependency;
			target = B527BF3D2B10EDD300806578 /* MeteoritesNASA */;
			targetProxy = B5E3E0972B1601290057CB04 /* PBXContainerItemProxy */;
		};
/* End PBXTargetDependency section */

/* Begin PBXVariantGroup section */
		B52416682B14E9BA00ED4866 /* Localizable.strings */ = {
			isa = PBXVariantGroup;
			children = (
				B52416672B14E9BA00ED4866 /* cs */,
				B52416692B14E9BB00ED4866 /* en */,
			);
			name = Localizable.strings;
			sourceTree = "<group>";
		};
/* End PBXVariantGroup section */

/* Begin XCBuildConfiguration section */
		B527BF4A2B10EDD400806578 /* Debug */ = {
			isa = XCBuildConfiguration;
			buildSettings = {
				ALWAYS_SEARCH_USER_PATHS = NO;
				ASSETCATALOG_COMPILER_GENERATE_SWIFT_ASSET_SYMBOL_EXTENSIONS = YES;
				CLANG_ANALYZER_NONNULL = YES;
				CLANG_ANALYZER_NUMBER_OBJECT_CONVERSION = YES_AGGRESSIVE;
				CLANG_CXX_LANGUAGE_STANDARD = "gnu++20";
				CLANG_ENABLE_MODULES = YES;
				CLANG_ENABLE_OBJC_ARC = YES;
				CLANG_ENABLE_OBJC_WEAK = YES;
				CLANG_WARN_BLOCK_CAPTURE_AUTORELEASING = YES;
				CLANG_WARN_BOOL_CONVERSION = YES;
				CLANG_WARN_COMMA = YES;
				CLANG_WARN_CONSTANT_CONVERSION = YES;
				CLANG_WARN_DEPRECATED_OBJC_IMPLEMENTATIONS = YES;
				CLANG_WARN_DIRECT_OBJC_ISA_USAGE = YES_ERROR;
				CLANG_WARN_DOCUMENTATION_COMMENTS = YES;
				CLANG_WARN_EMPTY_BODY = YES;
				CLANG_WARN_ENUM_CONVERSION = YES;
				CLANG_WARN_INFINITE_RECURSION = YES;
				CLANG_WARN_INT_CONVERSION = YES;
				CLANG_WARN_NON_LITERAL_NULL_CONVERSION = YES;
				CLANG_WARN_OBJC_IMPLICIT_RETAIN_SELF = YES;
				CLANG_WARN_OBJC_LITERAL_CONVERSION = YES;
				CLANG_WARN_OBJC_ROOT_CLASS = YES_ERROR;
				CLANG_WARN_QUOTED_INCLUDE_IN_FRAMEWORK_HEADER = YES;
				CLANG_WARN_RANGE_LOOP_ANALYSIS = YES;
				CLANG_WARN_STRICT_PROTOTYPES = YES;
				CLANG_WARN_SUSPICIOUS_MOVE = YES;
				CLANG_WARN_UNGUARDED_AVAILABILITY = YES_AGGRESSIVE;
				CLANG_WARN_UNREACHABLE_CODE = YES;
				CLANG_WARN__DUPLICATE_METHOD_MATCH = YES;
				COPY_PHASE_STRIP = NO;
				DEBUG_INFORMATION_FORMAT = dwarf;
				ENABLE_STRICT_OBJC_MSGSEND = YES;
				ENABLE_TESTABILITY = YES;
				ENABLE_USER_SCRIPT_SANDBOXING = YES;
				GCC_C_LANGUAGE_STANDARD = gnu17;
				GCC_DYNAMIC_NO_PIC = NO;
				GCC_NO_COMMON_BLOCKS = YES;
				GCC_OPTIMIZATION_LEVEL = 0;
				GCC_PREPROCESSOR_DEFINITIONS = (
					"DEBUG=1",
					"$(inherited)",
				);
				GCC_WARN_64_TO_32_BIT_CONVERSION = YES;
				GCC_WARN_ABOUT_RETURN_TYPE = YES_ERROR;
				GCC_WARN_UNDECLARED_SELECTOR = YES;
				GCC_WARN_UNINITIALIZED_AUTOS = YES_AGGRESSIVE;
				GCC_WARN_UNUSED_FUNCTION = YES;
				GCC_WARN_UNUSED_VARIABLE = YES;
				IPHONEOS_DEPLOYMENT_TARGET = 17.0;
				LOCALIZATION_PREFERS_STRING_CATALOGS = YES;
				MTL_ENABLE_DEBUG_INFO = INCLUDE_SOURCE;
				MTL_FAST_MATH = YES;
				ONLY_ACTIVE_ARCH = YES;
				SDKROOT = iphoneos;
				SWIFT_ACTIVE_COMPILATION_CONDITIONS = "DEBUG $(inherited)";
				SWIFT_OPTIMIZATION_LEVEL = "-Onone";
			};
			name = Debug;
		};
		B527BF4B2B10EDD400806578 /* Release */ = {
			isa = XCBuildConfiguration;
			buildSettings = {
				ALWAYS_SEARCH_USER_PATHS = NO;
				ASSETCATALOG_COMPILER_GENERATE_SWIFT_ASSET_SYMBOL_EXTENSIONS = YES;
				CLANG_ANALYZER_NONNULL = YES;
				CLANG_ANALYZER_NUMBER_OBJECT_CONVERSION = YES_AGGRESSIVE;
				CLANG_CXX_LANGUAGE_STANDARD = "gnu++20";
				CLANG_ENABLE_MODULES = YES;
				CLANG_ENABLE_OBJC_ARC = YES;
				CLANG_ENABLE_OBJC_WEAK = YES;
				CLANG_WARN_BLOCK_CAPTURE_AUTORELEASING = YES;
				CLANG_WARN_BOOL_CONVERSION = YES;
				CLANG_WARN_COMMA = YES;
				CLANG_WARN_CONSTANT_CONVERSION = YES;
				CLANG_WARN_DEPRECATED_OBJC_IMPLEMENTATIONS = YES;
				CLANG_WARN_DIRECT_OBJC_ISA_USAGE = YES_ERROR;
				CLANG_WARN_DOCUMENTATION_COMMENTS = YES;
				CLANG_WARN_EMPTY_BODY = YES;
				CLANG_WARN_ENUM_CONVERSION = YES;
				CLANG_WARN_INFINITE_RECURSION = YES;
				CLANG_WARN_INT_CONVERSION = YES;
				CLANG_WARN_NON_LITERAL_NULL_CONVERSION = YES;
				CLANG_WARN_OBJC_IMPLICIT_RETAIN_SELF = YES;
				CLANG_WARN_OBJC_LITERAL_CONVERSION = YES;
				CLANG_WARN_OBJC_ROOT_CLASS = YES_ERROR;
				CLANG_WARN_QUOTED_INCLUDE_IN_FRAMEWORK_HEADER = YES;
				CLANG_WARN_RANGE_LOOP_ANALYSIS = YES;
				CLANG_WARN_STRICT_PROTOTYPES = YES;
				CLANG_WARN_SUSPICIOUS_MOVE = YES;
				CLANG_WARN_UNGUARDED_AVAILABILITY = YES_AGGRESSIVE;
				CLANG_WARN_UNREACHABLE_CODE = YES;
				CLANG_WARN__DUPLICATE_METHOD_MATCH = YES;
				COPY_PHASE_STRIP = NO;
				DEBUG_INFORMATION_FORMAT = "dwarf-with-dsym";
				ENABLE_NS_ASSERTIONS = NO;
				ENABLE_STRICT_OBJC_MSGSEND = YES;
				ENABLE_USER_SCRIPT_SANDBOXING = YES;
				GCC_C_LANGUAGE_STANDARD = gnu17;
				GCC_NO_COMMON_BLOCKS = YES;
				GCC_WARN_64_TO_32_BIT_CONVERSION = YES;
				GCC_WARN_ABOUT_RETURN_TYPE = YES_ERROR;
				GCC_WARN_UNDECLARED_SELECTOR = YES;
				GCC_WARN_UNINITIALIZED_AUTOS = YES_AGGRESSIVE;
				GCC_WARN_UNUSED_FUNCTION = YES;
				GCC_WARN_UNUSED_VARIABLE = YES;
				IPHONEOS_DEPLOYMENT_TARGET = 17.0;
				LOCALIZATION_PREFERS_STRING_CATALOGS = YES;
				MTL_ENABLE_DEBUG_INFO = NO;
				MTL_FAST_MATH = YES;
				SDKROOT = iphoneos;
				SWIFT_COMPILATION_MODE = wholemodule;
				VALIDATE_PRODUCT = YES;
			};
			name = Release;
		};
		B527BF4D2B10EDD400806578 /* Debug */ = {
			isa = XCBuildConfiguration;
			buildSettings = {
				ASSETCATALOG_COMPILER_APPICON_NAME = AppIcon;
				ASSETCATALOG_COMPILER_GLOBAL_ACCENT_COLOR_NAME = AccentColor;
				CODE_SIGN_STYLE = Automatic;
				CURRENT_PROJECT_VERSION = 1;
				DEVELOPMENT_ASSET_PATHS = "\"MeteoritesNASA/Preview Content\"";
				DEVELOPMENT_TEAM = 925K52UM4K;
				ENABLE_PREVIEWS = YES;
				GENERATE_INFOPLIST_FILE = YES;
				INFOPLIST_FILE = MeteoritesNASA/Info.plist;
				INFOPLIST_KEY_NSLocationWhenInUseUsageDescription = "For detailed information the map needs to target your location";
				INFOPLIST_KEY_UIApplicationSceneManifest_Generation = YES;
				INFOPLIST_KEY_UIApplicationSupportsIndirectInputEvents = YES;
				INFOPLIST_KEY_UILaunchScreen_Generation = YES;
				INFOPLIST_KEY_UILaunchStoryboardName = LaunchScreen.storyboard;
				INFOPLIST_KEY_UISupportedInterfaceOrientations = UIInterfaceOrientationPortrait;
				LD_RUNPATH_SEARCH_PATHS = (
					"$(inherited)",
					"@executable_path/Frameworks",
				);
				MARKETING_VERSION = 1.0;
				PRODUCT_BUNDLE_IDENTIFIER = com.tomassmerda.MeteoritesNASA;
				PRODUCT_NAME = "$(TARGET_NAME)";
				SWIFT_EMIT_LOC_STRINGS = YES;
				SWIFT_VERSION = 5.0;
				TARGETED_DEVICE_FAMILY = "1,2";
			};
			name = Debug;
		};
		B527BF4E2B10EDD400806578 /* Release */ = {
			isa = XCBuildConfiguration;
			buildSettings = {
				ASSETCATALOG_COMPILER_APPICON_NAME = AppIcon;
				ASSETCATALOG_COMPILER_GLOBAL_ACCENT_COLOR_NAME = AccentColor;
				CODE_SIGN_STYLE = Automatic;
				CURRENT_PROJECT_VERSION = 1;
				DEVELOPMENT_ASSET_PATHS = "\"MeteoritesNASA/Preview Content\"";
				DEVELOPMENT_TEAM = 925K52UM4K;
				ENABLE_PREVIEWS = YES;
				GENERATE_INFOPLIST_FILE = YES;
				INFOPLIST_FILE = MeteoritesNASA/Info.plist;
				INFOPLIST_KEY_NSLocationWhenInUseUsageDescription = "For detailed information the map needs to target your location";
				INFOPLIST_KEY_UIApplicationSceneManifest_Generation = YES;
				INFOPLIST_KEY_UIApplicationSupportsIndirectInputEvents = YES;
				INFOPLIST_KEY_UILaunchScreen_Generation = YES;
				INFOPLIST_KEY_UILaunchStoryboardName = LaunchScreen.storyboard;
				INFOPLIST_KEY_UISupportedInterfaceOrientations = UIInterfaceOrientationPortrait;
				LD_RUNPATH_SEARCH_PATHS = (
					"$(inherited)",
					"@executable_path/Frameworks",
				);
				MARKETING_VERSION = 1.0;
				PRODUCT_BUNDLE_IDENTIFIER = com.tomassmerda.MeteoritesNASA;
				PRODUCT_NAME = "$(TARGET_NAME)";
				SWIFT_EMIT_LOC_STRINGS = YES;
				SWIFT_VERSION = 5.0;
				TARGETED_DEVICE_FAMILY = "1,2";
			};
			name = Release;
		};
		B5E3E09A2B1601290057CB04 /* Debug */ = {
			isa = XCBuildConfiguration;
			buildSettings = {
				BUNDLE_LOADER = "$(TEST_HOST)";
				CODE_SIGN_STYLE = Automatic;
				CURRENT_PROJECT_VERSION = 1;
				DEVELOPMENT_TEAM = 925K52UM4K;
				GENERATE_INFOPLIST_FILE = YES;
				IPHONEOS_DEPLOYMENT_TARGET = 17.0;
				MACOSX_DEPLOYMENT_TARGET = 14.0;
				MARKETING_VERSION = 1.0;
				PRODUCT_BUNDLE_IDENTIFIER = com.tomassmerda.MeteoritesNASATests;
				PRODUCT_NAME = "$(TARGET_NAME)";
				SDKROOT = auto;
				SUPPORTED_PLATFORMS = "iphoneos iphonesimulator macosx";
				SWIFT_EMIT_LOC_STRINGS = NO;
				SWIFT_VERSION = 5.0;
				TARGETED_DEVICE_FAMILY = "1,2";
				TEST_HOST = "$(BUILT_PRODUCTS_DIR)/MeteoritesNASA.app/$(BUNDLE_EXECUTABLE_FOLDER_PATH)/MeteoritesNASA";
			};
			name = Debug;
		};
		B5E3E09B2B1601290057CB04 /* Release */ = {
			isa = XCBuildConfiguration;
			buildSettings = {
				BUNDLE_LOADER = "$(TEST_HOST)";
				CODE_SIGN_STYLE = Automatic;
				CURRENT_PROJECT_VERSION = 1;
				DEVELOPMENT_TEAM = 925K52UM4K;
				GENERATE_INFOPLIST_FILE = YES;
				IPHONEOS_DEPLOYMENT_TARGET = 17.0;
				MACOSX_DEPLOYMENT_TARGET = 14.0;
				MARKETING_VERSION = 1.0;
				PRODUCT_BUNDLE_IDENTIFIER = com.tomassmerda.MeteoritesNASATests;
				PRODUCT_NAME = "$(TARGET_NAME)";
				SDKROOT = auto;
				SUPPORTED_PLATFORMS = "iphoneos iphonesimulator macosx";
				SWIFT_EMIT_LOC_STRINGS = NO;
				SWIFT_VERSION = 5.0;
				TARGETED_DEVICE_FAMILY = "1,2";
				TEST_HOST = "$(BUILT_PRODUCTS_DIR)/MeteoritesNASA.app/$(BUNDLE_EXECUTABLE_FOLDER_PATH)/MeteoritesNASA";
			};
			name = Release;
		};
/* End XCBuildConfiguration section */

/* Begin XCConfigurationList section */
		B527BF392B10EDD300806578 /* Build configuration list for PBXProject "MeteoritesNASA" */ = {
			isa = XCConfigurationList;
			buildConfigurations = (
				B527BF4A2B10EDD400806578 /* Debug */,
				B527BF4B2B10EDD400806578 /* Release */,
			);
			defaultConfigurationIsVisible = 0;
			defaultConfigurationName = Release;
		};
		B527BF4C2B10EDD400806578 /* Build configuration list for PBXNativeTarget "MeteoritesNASA" */ = {
			isa = XCConfigurationList;
			buildConfigurations = (
				B527BF4D2B10EDD400806578 /* Debug */,
				B527BF4E2B10EDD400806578 /* Release */,
			);
			defaultConfigurationIsVisible = 0;
			defaultConfigurationName = Release;
		};
		B5E3E0992B1601290057CB04 /* Build configuration list for PBXNativeTarget "MeteoritesNASATests" */ = {
			isa = XCConfigurationList;
			buildConfigurations = (
				B5E3E09A2B1601290057CB04 /* Debug */,
				B5E3E09B2B1601290057CB04 /* Release */,
			);
			defaultConfigurationIsVisible = 0;
			defaultConfigurationName = Release;
		};
/* End XCConfigurationList section */

/* Begin XCRemoteSwiftPackageReference section */
		B527BF572B110E4400806578 /* XCRemoteSwiftPackageReference "ProgressHUD" */ = {
			isa = XCRemoteSwiftPackageReference;
			repositoryURL = "https://github.com/relatedcode/ProgressHUD.git";
			requirement = {
				kind = upToNextMajorVersion;
				minimumVersion = 14.1.0;
			};
		};
/* End XCRemoteSwiftPackageReference section */

/* Begin XCSwiftPackageProductDependency section */
		B527BF582B110E4400806578 /* ProgressHUD */ = {
			isa = XCSwiftPackageProductDependency;
			package = B527BF572B110E4400806578 /* XCRemoteSwiftPackageReference "ProgressHUD" */;
			productName = ProgressHUD;
		};
/* End XCSwiftPackageProductDependency section */
	};
	rootObject = B527BF362B10EDD300806578 /* Project object */;
}
